
Microsoft Visual Studio Solution File, Format Version 12.00
# Visual Studio Version 16
VisualStudioVersion = 16.0.31605.320
MinimumVisualStudioVersion = 10.0.40219.1
Project("{9A19103F-16F7-4668-BE54-9A1E7A4F7556}") = "GestorAutonomo", "GestorAutonomo\GestorAutonomo.csproj", "{1781490A-525F-4680-A08B-DDCCB02B2E8C}"
EndProject
Project("{9A19103F-16F7-4668-BE54-9A1E7A4F7556}") = "GestorAutonomo.Teste", "GestorAutonomo.Teste\GestorAutonomo.Teste.csproj", "{D59B0C4B-65AF-4661-8520-A8BA128C6A04}"
EndProject
Project("{9A19103F-16F7-4668-BE54-9A1E7A4F7556}") = "GestorAutonomo.Domain", "GestorAutonomo.Domain\GestorAutonomo.Domain.csproj", "{2768D5FB-2925-4927-80B2-A50BA548B069}"
EndProject
Project("{9A19103F-16F7-4668-BE54-9A1E7A4F7556}") = "GestorAutonomo.Infra.Data", "GestorAutonomo.Infra.Data\GestorAutonomo.Infra.Data.csproj", "{AC7E6492-82F4-4C44-962A-889BFF640BEE}"
EndProject
Project("{9A19103F-16F7-4668-BE54-9A1E7A4F7556}") = "GestorAutonomo.Infra.IoC", "GestorAutonomo.Infra.IoC\GestorAutonomo.Infra.IoC.csproj", "{CFD58645-D5E3-4A11-9E85-1B4E45883F95}"
EndProject
Global
	GlobalSection(SolutionConfigurationPlatforms) = preSolution
		Debug|Any CPU = Debug|Any CPU
		Release|Any CPU = Release|Any CPU
	EndGlobalSection
	GlobalSection(ProjectConfigurationPlatforms) = postSolution
		{1781490A-525F-4680-A08B-DDCCB02B2E8C}.Debug|Any CPU.ActiveCfg = Debug|Any CPU
		{1781490A-525F-4680-A08B-DDCCB02B2E8C}.Debug|Any CPU.Build.0 = Debug|Any CPU
		{1781490A-525F-4680-A08B-DDCCB02B2E8C}.Release|Any CPU.ActiveCfg = Release|Any CPU
		{1781490A-525F-4680-A08B-DDCCB02B2E8C}.Release|Any CPU.Build.0 = Release|Any CPU
		{D59B0C4B-65AF-4661-8520-A8BA128C6A04}.Debug|Any CPU.ActiveCfg = Debug|Any CPU
		{D59B0C4B-65AF-4661-8520-A8BA128C6A04}.Debug|Any CPU.Build.0 = Debug|Any CPU
		{D59B0C4B-65AF-4661-8520-A8BA128C6A04}.Release|Any CPU.ActiveCfg = Release|Any CPU
		{D59B0C4B-65AF-4661-8520-A8BA128C6A04}.Release|Any CPU.Build.0 = Release|Any CPU
		{2768D5FB-2925-4927-80B2-A50BA548B069}.Debug|Any CPU.ActiveCfg = Debug|Any CPU
		{2768D5FB-2925-4927-80B2-A50BA548B069}.Debug|Any CPU.Build.0 = Debug|Any CPU
		{2768D5FB-2925-4927-80B2-A50BA548B069}.Release|Any CPU.ActiveCfg = Release|Any CPU
		{2768D5FB-2925-4927-80B2-A50BA548B069}.Release|Any CPU.Build.0 = Release|Any CPU
		{AC7E6492-82F4-4C44-962A-889BFF640BEE}.Debug|Any CPU.ActiveCfg = Debug|Any CPU
		{AC7E6492-82F4-4C44-962A-889BFF640BEE}.Debug|Any CPU.Build.0 = Debug|Any CPU
		{AC7E6492-82F4-4C44-962A-889BFF640BEE}.Release|Any CPU.ActiveCfg = Release|Any CPU
		{AC7E6492-82F4-4C44-962A-889BFF640BEE}.Release|Any CPU.Build.0 = Release|Any CPU
		{CFD58645-D5E3-4A11-9E85-1B4E45883F95}.Debug|Any CPU.ActiveCfg = Debug|Any CPU
		{CFD58645-D5E3-4A11-9E85-1B4E45883F95}.Debug|Any CPU.Build.0 = Debug|Any CPU
		{CFD58645-D5E3-4A11-9E85-1B4E45883F95}.Release|Any CPU.ActiveCfg = Release|Any CPU
		{CFD58645-D5E3-4A11-9E85-1B4E45883F95}.Release|Any CPU.Build.0 = Release|Any CPU
	EndGlobalSection
	GlobalSection(SolutionProperties) = preSolution
		HideSolutionNode = FALSE
	EndGlobalSection
	GlobalSection(ExtensibilityGlobals) = postSolution
		SolutionGuid = {9750F650-A8E4-4141-A767-2DBCC49C0111}
	EndGlobalSection
EndGlobal
